
Microsoft Visual Studio Solution File, Format Version 12.00
# Visual Studio Version 17
VisualStudioVersion = 17.13.35913.81
MinimumVisualStudioVersion = 10.0.40219.1
Project("{FAE04EC0-301F-11D3-BF4B-00C04F79EFBC}") = "Grupo 7A", "Grupo 7A\Grupo 7A.csproj", "{50694768-F8B3-4F4D-AED4-A010AED719CA}"
EndProject
Project("{FAE04EC0-301F-11D3-BF4B-00C04F79EFBC}") = "dominio", "dominio\dominio.csproj", "{A5311D68-6812-4173-9446-41ECC3441FB3}"
EndProject
Project("{FAE04EC0-301F-11D3-BF4B-00C04F79EFBC}") = "negocio", "negocio\negocio.csproj", "{6896E417-3A61-4C4B-ABDF-4C24D28E028F}"
EndProject
Global
	GlobalSection(SolutionConfigurationPlatforms) = preSolution
		Debug|Any CPU = Debug|Any CPU
		Release|Any CPU = Release|Any CPU
	EndGlobalSection
	GlobalSection(ProjectConfigurationPlatforms) = postSolution
		{50694768-F8B3-4F4D-AED4-A010AED719CA}.Debug|Any CPU.ActiveCfg = Debug|Any CPU
		{50694768-F8B3-4F4D-AED4-A010AED719CA}.Debug|Any CPU.Build.0 = Debug|Any CPU
		{50694768-F8B3-4F4D-AED4-A010AED719CA}.Release|Any CPU.ActiveCfg = Release|Any CPU
		{50694768-F8B3-4F4D-AED4-A010AED719CA}.Release|Any CPU.Build.0 = Release|Any CPU
		{A5311D68-6812-4173-9446-41ECC3441FB3}.Debug|Any CPU.ActiveCfg = Debug|Any CPU
		{A5311D68-6812-4173-9446-41ECC3441FB3}.Debug|Any CPU.Build.0 = Debug|Any CPU
		{A5311D68-6812-4173-9446-41ECC3441FB3}.Release|Any CPU.ActiveCfg = Release|Any CPU
		{A5311D68-6812-4173-9446-41ECC3441FB3}.Release|Any CPU.Build.0 = Release|Any CPU
		{6896E417-3A61-4C4B-ABDF-4C24D28E028F}.Debug|Any CPU.ActiveCfg = Debug|Any CPU
		{6896E417-3A61-4C4B-ABDF-4C24D28E028F}.Debug|Any CPU.Build.0 = Debug|Any CPU
		{6896E417-3A61-4C4B-ABDF-4C24D28E028F}.Release|Any CPU.ActiveCfg = Release|Any CPU
		{6896E417-3A61-4C4B-ABDF-4C24D28E028F}.Release|Any CPU.Build.0 = Release|Any CPU
	EndGlobalSection
	GlobalSection(SolutionProperties) = preSolution
		HideSolutionNode = FALSE
	EndGlobalSection
	GlobalSection(ExtensibilityGlobals) = postSolution
		SolutionGuid = {41A7C5EC-A412-49A5-9836-D7A99F2766B7}
	EndGlobalSection
EndGlobal
